
Microsoft Visual Studio Solution File, Format Version 12.00
# Visual Studio Version 16
VisualStudioVersion = 16.0.31112.23
MinimumVisualStudioVersion = 10.0.40219.1
Project("{FAE04EC0-301F-11D3-BF4B-00C04F79EFBC}") = "Eje1_Numeros_Pares_Impares", "Eje1_Numeros_Pares_Impares\Eje1_Numeros_Pares_Impares.csproj", "{06E9F9FB-A574-49FA-9019-E614E139E57F}"
EndProject
Global
	GlobalSection(SolutionConfigurationPlatforms) = preSolution
		Debug|Any CPU = Debug|Any CPU
		Release|Any CPU = Release|Any CPU
	EndGlobalSection
	GlobalSection(ProjectConfigurationPlatforms) = postSolution
		{06E9F9FB-A574-49FA-9019-E614E139E57F}.Debug|Any CPU.ActiveCfg = Debug|Any CPU
		{06E9F9FB-A574-49FA-9019-E614E139E57F}.Debug|Any CPU.Build.0 = Debug|Any CPU
		{06E9F9FB-A574-49FA-9019-E614E139E57F}.Release|Any CPU.ActiveCfg = Release|Any CPU
		{06E9F9FB-A574-49FA-9019-E614E139E57F}.Release|Any CPU.Build.0 = Release|Any CPU
	EndGlobalSection
	GlobalSection(SolutionProperties) = preSolution
		HideSolutionNode = FALSE
	EndGlobalSection
	GlobalSection(ExtensibilityGlobals) = postSolution
		SolutionGuid = {D0822ADE-3508-4520-B77D-E0F696E1809F}
	EndGlobalSection
EndGlobal
