
Microsoft Visual Studio Solution File, Format Version 12.00
# Visual Studio Version 16
VisualStudioVersion = 16.0.31112.23
MinimumVisualStudioVersion = 10.0.40219.1
Project("{FAE04EC0-301F-11D3-BF4B-00C04F79EFBC}") = "Eje7_Mayor_y_Menor", "Eje7_Mayor_y_Menor\Eje7_Mayor_y_Menor.csproj", "{044C5310-0E3F-4BBD-8E1E-5AEED1417924}"
EndProject
Global
	GlobalSection(SolutionConfigurationPlatforms) = preSolution
		Debug|Any CPU = Debug|Any CPU
		Release|Any CPU = Release|Any CPU
	EndGlobalSection
	GlobalSection(ProjectConfigurationPlatforms) = postSolution
		{044C5310-0E3F-4BBD-8E1E-5AEED1417924}.Debug|Any CPU.ActiveCfg = Debug|Any CPU
		{044C5310-0E3F-4BBD-8E1E-5AEED1417924}.Debug|Any CPU.Build.0 = Debug|Any CPU
		{044C5310-0E3F-4BBD-8E1E-5AEED1417924}.Release|Any CPU.ActiveCfg = Release|Any CPU
		{044C5310-0E3F-4BBD-8E1E-5AEED1417924}.Release|Any CPU.Build.0 = Release|Any CPU
	EndGlobalSection
	GlobalSection(SolutionProperties) = preSolution
		HideSolutionNode = FALSE
	EndGlobalSection
	GlobalSection(ExtensibilityGlobals) = postSolution
		SolutionGuid = {A61E85A2-F800-4275-AE0D-D9D6C6C39E02}
	EndGlobalSection
EndGlobal
