
Microsoft Visual Studio Solution File, Format Version 12.00
# Visual Studio Version 16
VisualStudioVersion = 16.0.31112.23
MinimumVisualStudioVersion = 10.0.40219.1
Project("{FAE04EC0-301F-11D3-BF4B-00C04F79EFBC}") = "Eje6_Nombre_Edad", "Eje6_Nombre_Edad\Eje6_Nombre_Edad.csproj", "{D791AFF5-197A-476D-A505-2F00051AE9AA}"
EndProject
Global
	GlobalSection(SolutionConfigurationPlatforms) = preSolution
		Debug|Any CPU = Debug|Any CPU
		Release|Any CPU = Release|Any CPU
	EndGlobalSection
	GlobalSection(ProjectConfigurationPlatforms) = postSolution
		{D791AFF5-197A-476D-A505-2F00051AE9AA}.Debug|Any CPU.ActiveCfg = Debug|Any CPU
		{D791AFF5-197A-476D-A505-2F00051AE9AA}.Debug|Any CPU.Build.0 = Debug|Any CPU
		{D791AFF5-197A-476D-A505-2F00051AE9AA}.Release|Any CPU.ActiveCfg = Release|Any CPU
		{D791AFF5-197A-476D-A505-2F00051AE9AA}.Release|Any CPU.Build.0 = Release|Any CPU
	EndGlobalSection
	GlobalSection(SolutionProperties) = preSolution
		HideSolutionNode = FALSE
	EndGlobalSection
	GlobalSection(ExtensibilityGlobals) = postSolution
		SolutionGuid = {B9FDAA82-3E4E-4FA3-8E9A-84CFDACD3D94}
	EndGlobalSection
EndGlobal
