
Microsoft Visual Studio Solution File, Format Version 12.00
# Visual Studio Version 16
VisualStudioVersion = 16.0.31112.23
MinimumVisualStudioVersion = 10.0.40219.1
Project("{FAE04EC0-301F-11D3-BF4B-00C04F79EFBC}") = "Eje4_Numero_Primo", "Eje4_Numero_Primo\Eje4_Numero_Primo.csproj", "{C0972E2D-42D9-4E42-8F28-34ECBB8F0386}"
EndProject
Global
	GlobalSection(SolutionConfigurationPlatforms) = preSolution
		Debug|Any CPU = Debug|Any CPU
		Release|Any CPU = Release|Any CPU
	EndGlobalSection
	GlobalSection(ProjectConfigurationPlatforms) = postSolution
		{C0972E2D-42D9-4E42-8F28-34ECBB8F0386}.Debug|Any CPU.ActiveCfg = Debug|Any CPU
		{C0972E2D-42D9-4E42-8F28-34ECBB8F0386}.Debug|Any CPU.Build.0 = Debug|Any CPU
		{C0972E2D-42D9-4E42-8F28-34ECBB8F0386}.Release|Any CPU.ActiveCfg = Release|Any CPU
		{C0972E2D-42D9-4E42-8F28-34ECBB8F0386}.Release|Any CPU.Build.0 = Release|Any CPU
	EndGlobalSection
	GlobalSection(SolutionProperties) = preSolution
		HideSolutionNode = FALSE
	EndGlobalSection
	GlobalSection(ExtensibilityGlobals) = postSolution
		SolutionGuid = {A8CA30C5-68A4-4ED9-9FB3-BEFA47D416B0}
	EndGlobalSection
EndGlobal
